
Microsoft Visual Studio Solution File, Format Version 12.00
# Visual Studio Version 16
VisualStudioVersion = 16.0.30330.147
MinimumVisualStudioVersion = 10.0.40219.1
Project("{9A19103F-16F7-4668-BE54-9A1E7A4F7556}") = "BasicStackOperations", "BasicStackOperations\BasicStackOperations.csproj", "{64441DAE-8521-45A1-A809-8B7E285814A6}"
EndProject
Project("{2150E333-8FDC-42A3-9474-1A3956D46DE8}") = "Stacks and Queues", "Stacks and Queues", "{2BF1279D-0DF4-4BCE-8330-DEB2998D2B65}"
EndProject
Project("{9A19103F-16F7-4668-BE54-9A1E7A4F7556}") = "BasicQueueOperations", "BasicQueueOperations\BasicQueueOperations.csproj", "{AB620E09-BE88-4859-BB8B-B19934651A12}"
EndProject
Project("{9A19103F-16F7-4668-BE54-9A1E7A4F7556}") = "MaximumAndMinimumElement", "MaximumAndMinimumElement\MaximumAndMinimumElement.csproj", "{705A3F90-1C70-46EF-8DCC-C4B0B0DEF33F}"
EndProject
Project("{9A19103F-16F7-4668-BE54-9A1E7A4F7556}") = "FastFood", "FastFood\FastFood.csproj", "{F54144AE-3689-4EC8-AFE6-A7DEA4C71917}"
EndProject
Project("{9A19103F-16F7-4668-BE54-9A1E7A4F7556}") = "FashionBoutique", "FashionBoutique\FashionBoutique.csproj", "{8214E07B-4CF6-4934-B208-70AC732C9032}"
EndProject
Project("{9A19103F-16F7-4668-BE54-9A1E7A4F7556}") = "SongsQueue", "SongsQueue\SongsQueue.csproj", "{0FD410FB-0CB8-4CB8-9BA4-FBB0133D2F9C}"
EndProject
Project("{9A19103F-16F7-4668-BE54-9A1E7A4F7556}") = "TruckTour", "TruckTour\TruckTour.csproj", "{874D657F-A45B-4A4A-A660-3AB6E50204F5}"
EndProject
Project("{9A19103F-16F7-4668-BE54-9A1E7A4F7556}") = "BalancedParentheses", "BalancedParentheses\BalancedParentheses.csproj", "{397FC009-6A49-4FBF-A032-F44EDA019A35}"
EndProject
Project("{9A19103F-16F7-4668-BE54-9A1E7A4F7556}") = "SimpleTextEditor", "SimpleTextEditor\SimpleTextEditor.csproj", "{E75ECF8F-A4F4-443D-8A4A-1FF530B656BC}"
EndProject
Project("{2150E333-8FDC-42A3-9474-1A3956D46DE8}") = "Multidimensional Arrays", "Multidimensional Arrays", "{710D8248-2BF6-4B11-AB5C-098D13060E06}"
EndProject
Project("{9A19103F-16F7-4668-BE54-9A1E7A4F7556}") = "DiagonalDifference", "DiagonalDifference\DiagonalDifference.csproj", "{8D0A78FD-C9ED-459C-8595-75756852D8BC}"
EndProject
Project("{9A19103F-16F7-4668-BE54-9A1E7A4F7556}") = "2x2SquaresMatrix", "2x2SquaresMatrix\2x2SquaresMatrix.csproj", "{B63E78C3-6002-493E-B383-1FCBA5C4B4B9}"
EndProject
Project("{9A19103F-16F7-4668-BE54-9A1E7A4F7556}") = "MaximalSum", "MaximalSum\MaximalSum.csproj", "{D8678854-3E74-4F0F-88F6-53993A128576}"
EndProject
Project("{9A19103F-16F7-4668-BE54-9A1E7A4F7556}") = "SnakeMoves", "SnakeMoves\SnakeMoves.csproj", "{5A0FF0D2-51C1-4D36-93D7-27B1F170D76A}"
EndProject
Project("{9A19103F-16F7-4668-BE54-9A1E7A4F7556}") = "MatrixShuffling", "MatrixShuffling\MatrixShuffling.csproj", "{4B7F87F9-AB40-4315-9174-7E1568FAB2EB}"
EndProject
Project("{9A19103F-16F7-4668-BE54-9A1E7A4F7556}") = "JaggedArrayManipulator", "JaggedArrayManipulator\JaggedArrayManipulator.csproj", "{D35C921A-FBC5-4C45-A4D0-3E5010AC2F3C}"
EndProject
Project("{9A19103F-16F7-4668-BE54-9A1E7A4F7556}") = "KnightGame", "KnightGame\KnightGame.csproj", "{77C8C62E-61D1-4961-B174-ECEEA7436954}"
EndProject
Project("{2150E333-8FDC-42A3-9474-1A3956D46DE8}") = "Streams, Files and Directories", "Streams, Files and Directories", "{3C9FAFE2-179D-410D-9C79-805AFD875E40}"
EndProject
Project("{9A19103F-16F7-4668-BE54-9A1E7A4F7556}") = "EvenLines", "EvenLines\EvenLines.csproj", "{63BA2F51-F044-4224-85EC-412EC8CB668C}"
EndProject
Project("{9A19103F-16F7-4668-BE54-9A1E7A4F7556}") = "LineNumbers", "LineNumbers\LineNumbers.csproj", "{575013E9-F24D-4893-84E9-48FB5D01FC58}"
EndProject
Project("{9A19103F-16F7-4668-BE54-9A1E7A4F7556}") = "WordCount", "WordCount\WordCount.csproj", "{D4F4A231-A87F-4E7E-A37A-2EC5BB79CEF9}"
EndProject
Project("{9A19103F-16F7-4668-BE54-9A1E7A4F7556}") = "CopyBinaryFile", "CopyBinaryFile\CopyBinaryFile.csproj", "{8C947E3D-2A37-4888-A3E9-77CE668D4490}"
EndProject
Project("{9A19103F-16F7-4668-BE54-9A1E7A4F7556}") = "DirectoryTraversal", "DirectoryTraversal\DirectoryTraversal.csproj", "{321BAFA4-2427-4CF7-AD2D-92844F1CB0EA}"
EndProject
Project("{9A19103F-16F7-4668-BE54-9A1E7A4F7556}") = "ZipAndExtract", "ZipAndExtract\ZipAndExtract.csproj", "{99BFB009-B5C0-469A-BE4D-769D3A6D4AE3}"
EndProject
Project("{2150E333-8FDC-42A3-9474-1A3956D46DE8}") = "Functional Programming", "Functional Programming", "{AF7A2B6C-DDC3-4028-BFD3-36265417EEF2}"
EndProject
Project("{9A19103F-16F7-4668-BE54-9A1E7A4F7556}") = "ActionPrint", "ActionPrint\ActionPrint.csproj", "{956BF8DD-C2B2-46AD-918E-201B80359576}"
EndProject
Project("{9A19103F-16F7-4668-BE54-9A1E7A4F7556}") = "KnightsOfHonor", "KnightsOfHonor\KnightsOfHonor.csproj", "{9DF6638E-5685-49B4-825A-95D6DC80FB63}"
EndProject
Project("{9A19103F-16F7-4668-BE54-9A1E7A4F7556}") = "CustomMinFunction", "CustomMinFunction\CustomMinFunction.csproj", "{EE0EF5B2-9CF2-4696-9808-70EA2B81F255}"
EndProject
Project("{9A19103F-16F7-4668-BE54-9A1E7A4F7556}") = "FindEvensOrOdds", "FindEvensOrOdds\FindEvensOrOdds.csproj", "{E1D4DACC-C305-4E4F-AD23-98D0ECE0B967}"
EndProject
Project("{9A19103F-16F7-4668-BE54-9A1E7A4F7556}") = "AooliedAruthmetics", "AooliedAruthmetics\AooliedAruthmetics.csproj", "{A61825C7-2DDA-40E0-8E0D-6217060561B9}"
EndProject
Project("{9A19103F-16F7-4668-BE54-9A1E7A4F7556}") = "ReverseAndExclude", "ReverseAndExclude\ReverseAndExclude.csproj", "{A5CD6E64-252F-41DF-830D-B0643093CC43}"
EndProject
Project("{9A19103F-16F7-4668-BE54-9A1E7A4F7556}") = "PredicateAndNames", "PredicateAndNames\PredicateAndNames.csproj", "{2469A181-765B-4F52-9D55-33047F85D5C4}"
EndProject
Project("{9A19103F-16F7-4668-BE54-9A1E7A4F7556}") = "CustomComparator", "CustomComparator\CustomComparator.csproj", "{C838B31C-1316-4DC4-9934-9EBEE111321D}"
EndProject
Project("{9A19103F-16F7-4668-BE54-9A1E7A4F7556}") = "ListOfPredicates", "ListOfPredicates\ListOfPredicates.csproj", "{A06C7FA7-4355-4CAA-BF60-D60CACD10607}"
EndProject
Project("{9A19103F-16F7-4668-BE54-9A1E7A4F7556}") = "Predicate Party", "Predicate Party\Predicate Party.csproj", "{1A96858D-DB87-49D8-98A6-EBC287C41766}"
EndProject
Project("{9A19103F-16F7-4668-BE54-9A1E7A4F7556}") = "TriFunction", "TriFunction\TriFunction.csproj", "{534715AD-D2CD-4B39-8F71-498B9DAFBE8D}"
EndProject
Project("{9A19103F-16F7-4668-BE54-9A1E7A4F7556}") = "PartyReservationFilterModule", "PartyReservationFilterModule\PartyReservationFilterModule.csproj", "{60E09509-0E68-41EA-8185-03B45F8874F1}"
EndProject
Project("{2150E333-8FDC-42A3-9474-1A3956D46DE8}") = "Defining Classes", "Defining Classes", "{DFFEA642-EF6D-4F44-A129-9E7DA886768C}"
EndProject
Project("{9A19103F-16F7-4668-BE54-9A1E7A4F7556}") = "DefiningClasses", "DefineAClassPerson\DefiningClasses.csproj", "{CC0141FB-479A-4546-8690-6D0915733B7B}"
EndProject
Project("{2150E333-8FDC-42A3-9474-1A3956D46DE8}") = "Exams", "Exams", "{2050FFC1-27EC-4D7C-83A8-F548A322B172}"
EndProject
Project("{9A19103F-16F7-4668-BE54-9A1E7A4F7556}") = "SantasPresentFactory", "SantasPresentFactory\SantasPresentFactory.csproj", "{20D81094-380C-4EDF-BD1A-7D255A8F9396}"
EndProject
Project("{2150E333-8FDC-42A3-9474-1A3956D46DE8}") = "Exam", "Exam", "{F16DC029-18FE-4A39-8EED-374CFBC29F24}"
EndProject
Project("{9A19103F-16F7-4668-BE54-9A1E7A4F7556}") = "ReVolt", "ReVolt\ReVolt.csproj", "{960359E0-B205-4F91-951E-ED711976D68F}"
EndProject
Project("{9A19103F-16F7-4668-BE54-9A1E7A4F7556}") = "TronRacers", "TronRacers\TronRacers.csproj", "{2ED877C7-8DBC-4596-BB48-13EF7E076198}"
EndProject
Project("{9A19103F-16F7-4668-BE54-9A1E7A4F7556}") = "Bee", "Bee\Bee.csproj", "{5C3B3250-0BD3-429B-A849-BB04D7028B89}"
EndProject
Project("{9A19103F-16F7-4668-BE54-9A1E7A4F7556}") = "ClassroomProject", "Classroom\ClassroomProject.csproj", "{519653B9-0833-458B-9286-7E8C4070F65E}"
EndProject
Project("{9A19103F-16F7-4668-BE54-9A1E7A4F7556}") = "Garden", "Garden\Garden.csproj", "{74D6068D-D96A-4DF2-B364-5CF432B3C841}"
EndProject
Project("{9A19103F-16F7-4668-BE54-9A1E7A4F7556}") = "Scheduling", "Scheduling\Scheduling.csproj", "{EA8B5F48-287A-4310-ACB9-855C95E4DEBA}"
EndProject
Global
	GlobalSection(SolutionConfigurationPlatforms) = preSolution
		Debug|Any CPU = Debug|Any CPU
		Release|Any CPU = Release|Any CPU
	EndGlobalSection
	GlobalSection(ProjectConfigurationPlatforms) = postSolution
		{64441DAE-8521-45A1-A809-8B7E285814A6}.Debug|Any CPU.ActiveCfg = Debug|Any CPU
		{64441DAE-8521-45A1-A809-8B7E285814A6}.Debug|Any CPU.Build.0 = Debug|Any CPU
		{64441DAE-8521-45A1-A809-8B7E285814A6}.Release|Any CPU.ActiveCfg = Release|Any CPU
		{64441DAE-8521-45A1-A809-8B7E285814A6}.Release|Any CPU.Build.0 = Release|Any CPU
		{AB620E09-BE88-4859-BB8B-B19934651A12}.Debug|Any CPU.ActiveCfg = Debug|Any CPU
		{AB620E09-BE88-4859-BB8B-B19934651A12}.Debug|Any CPU.Build.0 = Debug|Any CPU
		{AB620E09-BE88-4859-BB8B-B19934651A12}.Release|Any CPU.ActiveCfg = Release|Any CPU
		{AB620E09-BE88-4859-BB8B-B19934651A12}.Release|Any CPU.Build.0 = Release|Any CPU
		{705A3F90-1C70-46EF-8DCC-C4B0B0DEF33F}.Debug|Any CPU.ActiveCfg = Debug|Any CPU
		{705A3F90-1C70-46EF-8DCC-C4B0B0DEF33F}.Debug|Any CPU.Build.0 = Debug|Any CPU
		{705A3F90-1C70-46EF-8DCC-C4B0B0DEF33F}.Release|Any CPU.ActiveCfg = Release|Any CPU
		{705A3F90-1C70-46EF-8DCC-C4B0B0DEF33F}.Release|Any CPU.Build.0 = Release|Any CPU
		{F54144AE-3689-4EC8-AFE6-A7DEA4C71917}.Debug|Any CPU.ActiveCfg = Debug|Any CPU
		{F54144AE-3689-4EC8-AFE6-A7DEA4C71917}.Debug|Any CPU.Build.0 = Debug|Any CPU
		{F54144AE-3689-4EC8-AFE6-A7DEA4C71917}.Release|Any CPU.ActiveCfg = Release|Any CPU
		{F54144AE-3689-4EC8-AFE6-A7DEA4C71917}.Release|Any CPU.Build.0 = Release|Any CPU
		{8214E07B-4CF6-4934-B208-70AC732C9032}.Debug|Any CPU.ActiveCfg = Debug|Any CPU
		{8214E07B-4CF6-4934-B208-70AC732C9032}.Debug|Any CPU.Build.0 = Debug|Any CPU
		{8214E07B-4CF6-4934-B208-70AC732C9032}.Release|Any CPU.ActiveCfg = Release|Any CPU
		{8214E07B-4CF6-4934-B208-70AC732C9032}.Release|Any CPU.Build.0 = Release|Any CPU
		{0FD410FB-0CB8-4CB8-9BA4-FBB0133D2F9C}.Debug|Any CPU.ActiveCfg = Debug|Any CPU
		{0FD410FB-0CB8-4CB8-9BA4-FBB0133D2F9C}.Debug|Any CPU.Build.0 = Debug|Any CPU
		{0FD410FB-0CB8-4CB8-9BA4-FBB0133D2F9C}.Release|Any CPU.ActiveCfg = Release|Any CPU
		{0FD410FB-0CB8-4CB8-9BA4-FBB0133D2F9C}.Release|Any CPU.Build.0 = Release|Any CPU
		{874D657F-A45B-4A4A-A660-3AB6E50204F5}.Debug|Any CPU.ActiveCfg = Debug|Any CPU
		{874D657F-A45B-4A4A-A660-3AB6E50204F5}.Debug|Any CPU.Build.0 = Debug|Any CPU
		{874D657F-A45B-4A4A-A660-3AB6E50204F5}.Release|Any CPU.ActiveCfg = Release|Any CPU
		{874D657F-A45B-4A4A-A660-3AB6E50204F5}.Release|Any CPU.Build.0 = Release|Any CPU
		{397FC009-6A49-4FBF-A032-F44EDA019A35}.Debug|Any CPU.ActiveCfg = Debug|Any CPU
		{397FC009-6A49-4FBF-A032-F44EDA019A35}.Debug|Any CPU.Build.0 = Debug|Any CPU
		{397FC009-6A49-4FBF-A032-F44EDA019A35}.Release|Any CPU.ActiveCfg = Release|Any CPU
		{397FC009-6A49-4FBF-A032-F44EDA019A35}.Release|Any CPU.Build.0 = Release|Any CPU
		{E75ECF8F-A4F4-443D-8A4A-1FF530B656BC}.Debug|Any CPU.ActiveCfg = Debug|Any CPU
		{E75ECF8F-A4F4-443D-8A4A-1FF530B656BC}.Debug|Any CPU.Build.0 = Debug|Any CPU
		{E75ECF8F-A4F4-443D-8A4A-1FF530B656BC}.Release|Any CPU.ActiveCfg = Release|Any CPU
		{E75ECF8F-A4F4-443D-8A4A-1FF530B656BC}.Release|Any CPU.Build.0 = Release|Any CPU
		{8D0A78FD-C9ED-459C-8595-75756852D8BC}.Debug|Any CPU.ActiveCfg = Debug|Any CPU
		{8D0A78FD-C9ED-459C-8595-75756852D8BC}.Debug|Any CPU.Build.0 = Debug|Any CPU
		{8D0A78FD-C9ED-459C-8595-75756852D8BC}.Release|Any CPU.ActiveCfg = Release|Any CPU
		{8D0A78FD-C9ED-459C-8595-75756852D8BC}.Release|Any CPU.Build.0 = Release|Any CPU
		{B63E78C3-6002-493E-B383-1FCBA5C4B4B9}.Debug|Any CPU.ActiveCfg = Debug|Any CPU
		{B63E78C3-6002-493E-B383-1FCBA5C4B4B9}.Debug|Any CPU.Build.0 = Debug|Any CPU
		{B63E78C3-6002-493E-B383-1FCBA5C4B4B9}.Release|Any CPU.ActiveCfg = Release|Any CPU
		{B63E78C3-6002-493E-B383-1FCBA5C4B4B9}.Release|Any CPU.Build.0 = Release|Any CPU
		{D8678854-3E74-4F0F-88F6-53993A128576}.Debug|Any CPU.ActiveCfg = Debug|Any CPU
		{D8678854-3E74-4F0F-88F6-53993A128576}.Debug|Any CPU.Build.0 = Debug|Any CPU
		{D8678854-3E74-4F0F-88F6-53993A128576}.Release|Any CPU.ActiveCfg = Release|Any CPU
		{D8678854-3E74-4F0F-88F6-53993A128576}.Release|Any CPU.Build.0 = Release|Any CPU
		{5A0FF0D2-51C1-4D36-93D7-27B1F170D76A}.Debug|Any CPU.ActiveCfg = Debug|Any CPU
		{5A0FF0D2-51C1-4D36-93D7-27B1F170D76A}.Debug|Any CPU.Build.0 = Debug|Any CPU
		{5A0FF0D2-51C1-4D36-93D7-27B1F170D76A}.Release|Any CPU.ActiveCfg = Release|Any CPU
		{5A0FF0D2-51C1-4D36-93D7-27B1F170D76A}.Release|Any CPU.Build.0 = Release|Any CPU
		{4B7F87F9-AB40-4315-9174-7E1568FAB2EB}.Debug|Any CPU.ActiveCfg = Debug|Any CPU
		{4B7F87F9-AB40-4315-9174-7E1568FAB2EB}.Debug|Any CPU.Build.0 = Debug|Any CPU
		{4B7F87F9-AB40-4315-9174-7E1568FAB2EB}.Release|Any CPU.ActiveCfg = Release|Any CPU
		{4B7F87F9-AB40-4315-9174-7E1568FAB2EB}.Release|Any CPU.Build.0 = Release|Any CPU
		{D35C921A-FBC5-4C45-A4D0-3E5010AC2F3C}.Debug|Any CPU.ActiveCfg = Debug|Any CPU
		{D35C921A-FBC5-4C45-A4D0-3E5010AC2F3C}.Debug|Any CPU.Build.0 = Debug|Any CPU
		{D35C921A-FBC5-4C45-A4D0-3E5010AC2F3C}.Release|Any CPU.ActiveCfg = Release|Any CPU
		{D35C921A-FBC5-4C45-A4D0-3E5010AC2F3C}.Release|Any CPU.Build.0 = Release|Any CPU
		{77C8C62E-61D1-4961-B174-ECEEA7436954}.Debug|Any CPU.ActiveCfg = Debug|Any CPU
		{77C8C62E-61D1-4961-B174-ECEEA7436954}.Debug|Any CPU.Build.0 = Debug|Any CPU
		{77C8C62E-61D1-4961-B174-ECEEA7436954}.Release|Any CPU.ActiveCfg = Release|Any CPU
		{77C8C62E-61D1-4961-B174-ECEEA7436954}.Release|Any CPU.Build.0 = Release|Any CPU
		{63BA2F51-F044-4224-85EC-412EC8CB668C}.Debug|Any CPU.ActiveCfg = Debug|Any CPU
		{63BA2F51-F044-4224-85EC-412EC8CB668C}.Debug|Any CPU.Build.0 = Debug|Any CPU
		{63BA2F51-F044-4224-85EC-412EC8CB668C}.Release|Any CPU.ActiveCfg = Release|Any CPU
		{63BA2F51-F044-4224-85EC-412EC8CB668C}.Release|Any CPU.Build.0 = Release|Any CPU
		{575013E9-F24D-4893-84E9-48FB5D01FC58}.Debug|Any CPU.ActiveCfg = Debug|Any CPU
		{575013E9-F24D-4893-84E9-48FB5D01FC58}.Debug|Any CPU.Build.0 = Debug|Any CPU
		{575013E9-F24D-4893-84E9-48FB5D01FC58}.Release|Any CPU.ActiveCfg = Release|Any CPU
		{575013E9-F24D-4893-84E9-48FB5D01FC58}.Release|Any CPU.Build.0 = Release|Any CPU
		{D4F4A231-A87F-4E7E-A37A-2EC5BB79CEF9}.Debug|Any CPU.ActiveCfg = Debug|Any CPU
		{D4F4A231-A87F-4E7E-A37A-2EC5BB79CEF9}.Debug|Any CPU.Build.0 = Debug|Any CPU
		{D4F4A231-A87F-4E7E-A37A-2EC5BB79CEF9}.Release|Any CPU.ActiveCfg = Release|Any CPU
		{D4F4A231-A87F-4E7E-A37A-2EC5BB79CEF9}.Release|Any CPU.Build.0 = Release|Any CPU
		{8C947E3D-2A37-4888-A3E9-77CE668D4490}.Debug|Any CPU.ActiveCfg = Debug|Any CPU
		{8C947E3D-2A37-4888-A3E9-77CE668D4490}.Debug|Any CPU.Build.0 = Debug|Any CPU
		{8C947E3D-2A37-4888-A3E9-77CE668D4490}.Release|Any CPU.ActiveCfg = Release|Any CPU
		{8C947E3D-2A37-4888-A3E9-77CE668D4490}.Release|Any CPU.Build.0 = Release|Any CPU
		{321BAFA4-2427-4CF7-AD2D-92844F1CB0EA}.Debug|Any CPU.ActiveCfg = Debug|Any CPU
		{321BAFA4-2427-4CF7-AD2D-92844F1CB0EA}.Debug|Any CPU.Build.0 = Debug|Any CPU
		{321BAFA4-2427-4CF7-AD2D-92844F1CB0EA}.Release|Any CPU.ActiveCfg = Release|Any CPU
		{321BAFA4-2427-4CF7-AD2D-92844F1CB0EA}.Release|Any CPU.Build.0 = Release|Any CPU
		{99BFB009-B5C0-469A-BE4D-769D3A6D4AE3}.Debug|Any CPU.ActiveCfg = Debug|Any CPU
		{99BFB009-B5C0-469A-BE4D-769D3A6D4AE3}.Debug|Any CPU.Build.0 = Debug|Any CPU
		{99BFB009-B5C0-469A-BE4D-769D3A6D4AE3}.Release|Any CPU.ActiveCfg = Release|Any CPU
		{99BFB009-B5C0-469A-BE4D-769D3A6D4AE3}.Release|Any CPU.Build.0 = Release|Any CPU
		{956BF8DD-C2B2-46AD-918E-201B80359576}.Debug|Any CPU.ActiveCfg = Debug|Any CPU
		{956BF8DD-C2B2-46AD-918E-201B80359576}.Debug|Any CPU.Build.0 = Debug|Any CPU
		{956BF8DD-C2B2-46AD-918E-201B80359576}.Release|Any CPU.ActiveCfg = Release|Any CPU
		{956BF8DD-C2B2-46AD-918E-201B80359576}.Release|Any CPU.Build.0 = Release|Any CPU
		{9DF6638E-5685-49B4-825A-95D6DC80FB63}.Debug|Any CPU.ActiveCfg = Debug|Any CPU
		{9DF6638E-5685-49B4-825A-95D6DC80FB63}.Debug|Any CPU.Build.0 = Debug|Any CPU
		{9DF6638E-5685-49B4-825A-95D6DC80FB63}.Release|Any CPU.ActiveCfg = Release|Any CPU
		{9DF6638E-5685-49B4-825A-95D6DC80FB63}.Release|Any CPU.Build.0 = Release|Any CPU
		{EE0EF5B2-9CF2-4696-9808-70EA2B81F255}.Debug|Any CPU.ActiveCfg = Debug|Any CPU
		{EE0EF5B2-9CF2-4696-9808-70EA2B81F255}.Debug|Any CPU.Build.0 = Debug|Any CPU
		{EE0EF5B2-9CF2-4696-9808-70EA2B81F255}.Release|Any CPU.ActiveCfg = Release|Any CPU
		{EE0EF5B2-9CF2-4696-9808-70EA2B81F255}.Release|Any CPU.Build.0 = Release|Any CPU
		{E1D4DACC-C305-4E4F-AD23-98D0ECE0B967}.Debug|Any CPU.ActiveCfg = Debug|Any CPU
		{E1D4DACC-C305-4E4F-AD23-98D0ECE0B967}.Debug|Any CPU.Build.0 = Debug|Any CPU
		{E1D4DACC-C305-4E4F-AD23-98D0ECE0B967}.Release|Any CPU.ActiveCfg = Release|Any CPU
		{E1D4DACC-C305-4E4F-AD23-98D0ECE0B967}.Release|Any CPU.Build.0 = Release|Any CPU
		{A61825C7-2DDA-40E0-8E0D-6217060561B9}.Debug|Any CPU.ActiveCfg = Debug|Any CPU
		{A61825C7-2DDA-40E0-8E0D-6217060561B9}.Debug|Any CPU.Build.0 = Debug|Any CPU
		{A61825C7-2DDA-40E0-8E0D-6217060561B9}.Release|Any CPU.ActiveCfg = Release|Any CPU
		{A61825C7-2DDA-40E0-8E0D-6217060561B9}.Release|Any CPU.Build.0 = Release|Any CPU
		{A5CD6E64-252F-41DF-830D-B0643093CC43}.Debug|Any CPU.ActiveCfg = Debug|Any CPU
		{A5CD6E64-252F-41DF-830D-B0643093CC43}.Debug|Any CPU.Build.0 = Debug|Any CPU
		{A5CD6E64-252F-41DF-830D-B0643093CC43}.Release|Any CPU.ActiveCfg = Release|Any CPU
		{A5CD6E64-252F-41DF-830D-B0643093CC43}.Release|Any CPU.Build.0 = Release|Any CPU
		{2469A181-765B-4F52-9D55-33047F85D5C4}.Debug|Any CPU.ActiveCfg = Debug|Any CPU
		{2469A181-765B-4F52-9D55-33047F85D5C4}.Debug|Any CPU.Build.0 = Debug|Any CPU
		{2469A181-765B-4F52-9D55-33047F85D5C4}.Release|Any CPU.ActiveCfg = Release|Any CPU
		{2469A181-765B-4F52-9D55-33047F85D5C4}.Release|Any CPU.Build.0 = Release|Any CPU
		{C838B31C-1316-4DC4-9934-9EBEE111321D}.Debug|Any CPU.ActiveCfg = Debug|Any CPU
		{C838B31C-1316-4DC4-9934-9EBEE111321D}.Debug|Any CPU.Build.0 = Debug|Any CPU
		{C838B31C-1316-4DC4-9934-9EBEE111321D}.Release|Any CPU.ActiveCfg = Release|Any CPU
		{C838B31C-1316-4DC4-9934-9EBEE111321D}.Release|Any CPU.Build.0 = Release|Any CPU
		{A06C7FA7-4355-4CAA-BF60-D60CACD10607}.Debug|Any CPU.ActiveCfg = Debug|Any CPU
		{A06C7FA7-4355-4CAA-BF60-D60CACD10607}.Debug|Any CPU.Build.0 = Debug|Any CPU
		{A06C7FA7-4355-4CAA-BF60-D60CACD10607}.Release|Any CPU.ActiveCfg = Release|Any CPU
		{A06C7FA7-4355-4CAA-BF60-D60CACD10607}.Release|Any CPU.Build.0 = Release|Any CPU
		{1A96858D-DB87-49D8-98A6-EBC287C41766}.Debug|Any CPU.ActiveCfg = Debug|Any CPU
		{1A96858D-DB87-49D8-98A6-EBC287C41766}.Debug|Any CPU.Build.0 = Debug|Any CPU
		{1A96858D-DB87-49D8-98A6-EBC287C41766}.Release|Any CPU.ActiveCfg = Release|Any CPU
		{1A96858D-DB87-49D8-98A6-EBC287C41766}.Release|Any CPU.Build.0 = Release|Any CPU
		{534715AD-D2CD-4B39-8F71-498B9DAFBE8D}.Debug|Any CPU.ActiveCfg = Debug|Any CPU
		{534715AD-D2CD-4B39-8F71-498B9DAFBE8D}.Debug|Any CPU.Build.0 = Debug|Any CPU
		{534715AD-D2CD-4B39-8F71-498B9DAFBE8D}.Release|Any CPU.ActiveCfg = Release|Any CPU
		{534715AD-D2CD-4B39-8F71-498B9DAFBE8D}.Release|Any CPU.Build.0 = Release|Any CPU
		{60E09509-0E68-41EA-8185-03B45F8874F1}.Debug|Any CPU.ActiveCfg = Debug|Any CPU
		{60E09509-0E68-41EA-8185-03B45F8874F1}.Debug|Any CPU.Build.0 = Debug|Any CPU
		{60E09509-0E68-41EA-8185-03B45F8874F1}.Release|Any CPU.ActiveCfg = Release|Any CPU
		{60E09509-0E68-41EA-8185-03B45F8874F1}.Release|Any CPU.Build.0 = Release|Any CPU
		{CC0141FB-479A-4546-8690-6D0915733B7B}.Debug|Any CPU.ActiveCfg = Debug|Any CPU
		{CC0141FB-479A-4546-8690-6D0915733B7B}.Debug|Any CPU.Build.0 = Debug|Any CPU
		{CC0141FB-479A-4546-8690-6D0915733B7B}.Release|Any CPU.ActiveCfg = Release|Any CPU
		{CC0141FB-479A-4546-8690-6D0915733B7B}.Release|Any CPU.Build.0 = Release|Any CPU
		{20D81094-380C-4EDF-BD1A-7D255A8F9396}.Debug|Any CPU.ActiveCfg = Debug|Any CPU
		{20D81094-380C-4EDF-BD1A-7D255A8F9396}.Debug|Any CPU.Build.0 = Debug|Any CPU
		{20D81094-380C-4EDF-BD1A-7D255A8F9396}.Release|Any CPU.ActiveCfg = Release|Any CPU
		{20D81094-380C-4EDF-BD1A-7D255A8F9396}.Release|Any CPU.Build.0 = Release|Any CPU
		{960359E0-B205-4F91-951E-ED711976D68F}.Debug|Any CPU.ActiveCfg = Debug|Any CPU
		{960359E0-B205-4F91-951E-ED711976D68F}.Debug|Any CPU.Build.0 = Debug|Any CPU
		{960359E0-B205-4F91-951E-ED711976D68F}.Release|Any CPU.ActiveCfg = Release|Any CPU
		{960359E0-B205-4F91-951E-ED711976D68F}.Release|Any CPU.Build.0 = Release|Any CPU
		{2ED877C7-8DBC-4596-BB48-13EF7E076198}.Debug|Any CPU.ActiveCfg = Debug|Any CPU
		{2ED877C7-8DBC-4596-BB48-13EF7E076198}.Debug|Any CPU.Build.0 = Debug|Any CPU
		{2ED877C7-8DBC-4596-BB48-13EF7E076198}.Release|Any CPU.ActiveCfg = Release|Any CPU
		{2ED877C7-8DBC-4596-BB48-13EF7E076198}.Release|Any CPU.Build.0 = Release|Any CPU
		{5C3B3250-0BD3-429B-A849-BB04D7028B89}.Debug|Any CPU.ActiveCfg = Debug|Any CPU
		{5C3B3250-0BD3-429B-A849-BB04D7028B89}.Debug|Any CPU.Build.0 = Debug|Any CPU
		{5C3B3250-0BD3-429B-A849-BB04D7028B89}.Release|Any CPU.ActiveCfg = Release|Any CPU
		{5C3B3250-0BD3-429B-A849-BB04D7028B89}.Release|Any CPU.Build.0 = Release|Any CPU
		{519653B9-0833-458B-9286-7E8C4070F65E}.Debug|Any CPU.ActiveCfg = Debug|Any CPU
		{519653B9-0833-458B-9286-7E8C4070F65E}.Debug|Any CPU.Build.0 = Debug|Any CPU
		{519653B9-0833-458B-9286-7E8C4070F65E}.Release|Any CPU.ActiveCfg = Release|Any CPU
		{519653B9-0833-458B-9286-7E8C4070F65E}.Release|Any CPU.Build.0 = Release|Any CPU
		{74D6068D-D96A-4DF2-B364-5CF432B3C841}.Debug|Any CPU.ActiveCfg = Debug|Any CPU
		{74D6068D-D96A-4DF2-B364-5CF432B3C841}.Debug|Any CPU.Build.0 = Debug|Any CPU
		{74D6068D-D96A-4DF2-B364-5CF432B3C841}.Release|Any CPU.ActiveCfg = Release|Any CPU
		{74D6068D-D96A-4DF2-B364-5CF432B3C841}.Release|Any CPU.Build.0 = Release|Any CPU
		{EA8B5F48-287A-4310-ACB9-855C95E4DEBA}.Debug|Any CPU.ActiveCfg = Debug|Any CPU
		{EA8B5F48-287A-4310-ACB9-855C95E4DEBA}.Debug|Any CPU.Build.0 = Debug|Any CPU
		{EA8B5F48-287A-4310-ACB9-855C95E4DEBA}.Release|Any CPU.ActiveCfg = Release|Any CPU
		{EA8B5F48-287A-4310-ACB9-855C95E4DEBA}.Release|Any CPU.Build.0 = Release|Any CPU
	EndGlobalSection
	GlobalSection(SolutionProperties) = preSolution
		HideSolutionNode = FALSE
	EndGlobalSection
	GlobalSection(NestedProjects) = preSolution
		{64441DAE-8521-45A1-A809-8B7E285814A6} = {2BF1279D-0DF4-4BCE-8330-DEB2998D2B65}
		{AB620E09-BE88-4859-BB8B-B19934651A12} = {2BF1279D-0DF4-4BCE-8330-DEB2998D2B65}
		{705A3F90-1C70-46EF-8DCC-C4B0B0DEF33F} = {2BF1279D-0DF4-4BCE-8330-DEB2998D2B65}
		{F54144AE-3689-4EC8-AFE6-A7DEA4C71917} = {2BF1279D-0DF4-4BCE-8330-DEB2998D2B65}
		{8214E07B-4CF6-4934-B208-70AC732C9032} = {2BF1279D-0DF4-4BCE-8330-DEB2998D2B65}
		{0FD410FB-0CB8-4CB8-9BA4-FBB0133D2F9C} = {2BF1279D-0DF4-4BCE-8330-DEB2998D2B65}
		{874D657F-A45B-4A4A-A660-3AB6E50204F5} = {2BF1279D-0DF4-4BCE-8330-DEB2998D2B65}
		{397FC009-6A49-4FBF-A032-F44EDA019A35} = {2BF1279D-0DF4-4BCE-8330-DEB2998D2B65}
		{E75ECF8F-A4F4-443D-8A4A-1FF530B656BC} = {2BF1279D-0DF4-4BCE-8330-DEB2998D2B65}
		{8D0A78FD-C9ED-459C-8595-75756852D8BC} = {710D8248-2BF6-4B11-AB5C-098D13060E06}
		{B63E78C3-6002-493E-B383-1FCBA5C4B4B9} = {710D8248-2BF6-4B11-AB5C-098D13060E06}
		{D8678854-3E74-4F0F-88F6-53993A128576} = {710D8248-2BF6-4B11-AB5C-098D13060E06}
		{5A0FF0D2-51C1-4D36-93D7-27B1F170D76A} = {710D8248-2BF6-4B11-AB5C-098D13060E06}
		{4B7F87F9-AB40-4315-9174-7E1568FAB2EB} = {710D8248-2BF6-4B11-AB5C-098D13060E06}
		{D35C921A-FBC5-4C45-A4D0-3E5010AC2F3C} = {710D8248-2BF6-4B11-AB5C-098D13060E06}
		{77C8C62E-61D1-4961-B174-ECEEA7436954} = {710D8248-2BF6-4B11-AB5C-098D13060E06}
		{63BA2F51-F044-4224-85EC-412EC8CB668C} = {3C9FAFE2-179D-410D-9C79-805AFD875E40}
		{575013E9-F24D-4893-84E9-48FB5D01FC58} = {3C9FAFE2-179D-410D-9C79-805AFD875E40}
		{D4F4A231-A87F-4E7E-A37A-2EC5BB79CEF9} = {3C9FAFE2-179D-410D-9C79-805AFD875E40}
		{8C947E3D-2A37-4888-A3E9-77CE668D4490} = {3C9FAFE2-179D-410D-9C79-805AFD875E40}
		{321BAFA4-2427-4CF7-AD2D-92844F1CB0EA} = {3C9FAFE2-179D-410D-9C79-805AFD875E40}
		{99BFB009-B5C0-469A-BE4D-769D3A6D4AE3} = {3C9FAFE2-179D-410D-9C79-805AFD875E40}
		{956BF8DD-C2B2-46AD-918E-201B80359576} = {AF7A2B6C-DDC3-4028-BFD3-36265417EEF2}
		{9DF6638E-5685-49B4-825A-95D6DC80FB63} = {AF7A2B6C-DDC3-4028-BFD3-36265417EEF2}
		{EE0EF5B2-9CF2-4696-9808-70EA2B81F255} = {AF7A2B6C-DDC3-4028-BFD3-36265417EEF2}
		{E1D4DACC-C305-4E4F-AD23-98D0ECE0B967} = {AF7A2B6C-DDC3-4028-BFD3-36265417EEF2}
		{A61825C7-2DDA-40E0-8E0D-6217060561B9} = {AF7A2B6C-DDC3-4028-BFD3-36265417EEF2}
		{A5CD6E64-252F-41DF-830D-B0643093CC43} = {AF7A2B6C-DDC3-4028-BFD3-36265417EEF2}
		{2469A181-765B-4F52-9D55-33047F85D5C4} = {AF7A2B6C-DDC3-4028-BFD3-36265417EEF2}
		{C838B31C-1316-4DC4-9934-9EBEE111321D} = {AF7A2B6C-DDC3-4028-BFD3-36265417EEF2}
		{A06C7FA7-4355-4CAA-BF60-D60CACD10607} = {AF7A2B6C-DDC3-4028-BFD3-36265417EEF2}
		{1A96858D-DB87-49D8-98A6-EBC287C41766} = {AF7A2B6C-DDC3-4028-BFD3-36265417EEF2}
		{534715AD-D2CD-4B39-8F71-498B9DAFBE8D} = {AF7A2B6C-DDC3-4028-BFD3-36265417EEF2}
		{60E09509-0E68-41EA-8185-03B45F8874F1} = {AF7A2B6C-DDC3-4028-BFD3-36265417EEF2}
		{CC0141FB-479A-4546-8690-6D0915733B7B} = {DFFEA642-EF6D-4F44-A129-9E7DA886768C}
		{20D81094-380C-4EDF-BD1A-7D255A8F9396} = {2050FFC1-27EC-4D7C-83A8-F548A322B172}
		{960359E0-B205-4F91-951E-ED711976D68F} = {2050FFC1-27EC-4D7C-83A8-F548A322B172}
		{2ED877C7-8DBC-4596-BB48-13EF7E076198} = {2050FFC1-27EC-4D7C-83A8-F548A322B172}
		{5C3B3250-0BD3-429B-A849-BB04D7028B89} = {2050FFC1-27EC-4D7C-83A8-F548A322B172}
		{519653B9-0833-458B-9286-7E8C4070F65E} = {F16DC029-18FE-4A39-8EED-374CFBC29F24}
		{74D6068D-D96A-4DF2-B364-5CF432B3C841} = {F16DC029-18FE-4A39-8EED-374CFBC29F24}
		{EA8B5F48-287A-4310-ACB9-855C95E4DEBA} = {F16DC029-18FE-4A39-8EED-374CFBC29F24}
	EndGlobalSection
	GlobalSection(ExtensibilityGlobals) = postSolution
		SolutionGuid = {8F885BEC-CB88-4BB7-83E7-64C7BBAC41B7}
	EndGlobalSection
EndGlobal
